// !$*UTF8*$!
{
	archiveVersion = 1;
	classes = {
	};
	objectVersion = 46;
	objects = {

/* Begin PBXBuildFile section */
		FB41C81C1CCC6CAE002F9B8C /* AppDelegate.swift in Sources */ = {isa = PBXBuildFile; fileRef = FB41C81B1CCC6CAE002F9B8C /* AppDelegate.swift */; };
		FB41C81E1CCC6CAE002F9B8C /* ViewController.swift in Sources */ = {isa = PBXBuildFile; fileRef = FB41C81D1CCC6CAE002F9B8C /* ViewController.swift */; };
		FB41C8201CCC6CAE002F9B8C /* Assets.xcassets in Resources */ = {isa = PBXBuildFile; fileRef = FB41C81F1CCC6CAE002F9B8C /* Assets.xcassets */; };
		FB41C8231CCC6CAE002F9B8C /* Main.storyboard in Resources */ = {isa = PBXBuildFile; fileRef = FB41C8211CCC6CAE002F9B8C /* Main.storyboard */; };
/* End PBXBuildFile section */

/* Begin PBXFileReference section */
		FB41C8181CCC6CAE002F9B8C /* Football College Trivia Loader.app */ = {isa = PBXFileReference; explicitFileType = wrapper.application; includeInIndex = 0; path = "Football College Trivia Loader.app"; sourceTree = BUILT_PRODUCTS_DIR; };
		FB41C81B1CCC6CAE002F9B8C /* AppDelegate.swift */ = {isa = PBXFileReference; lastKnownFileType = sourcecode.swift; path = AppDelegate.swift; sourceTree = "<group>"; };
		FB41C81D1CCC6CAE002F9B8C /* ViewController.swift */ = {isa = PBXFileReference; lastKnownFileType = sourcecode.swift; path = ViewController.swift; sourceTree = "<group>"; };
		FB41C81F1CCC6CAE002F9B8C /* Assets.xcassets */ = {isa = PBXFileReference; lastKnownFileType = folder.assetcatalog; path = Assets.xcassets; sourceTree = "<group>"; };
		FB41C8221CCC6CAE002F9B8C /* Base */ = {isa = PBXFileReference; lastKnownFileType = file.storyboard; name = Base; path = Base.lproj/Main.storyboard; sourceTree = "<group>"; };
		FB41C8241CCC6CAE002F9B8C /* Info.plist */ = {isa = PBXFileReference; lastKnownFileType = text.plist.xml; path = Info.plist; sourceTree = "<group>"; };
/* End PBXFileReference section */

/* Begin PBXFrameworksBuildPhase section */
		FB41C8151CCC6CAE002F9B8C /* Frameworks */ = {
			isa = PBXFrameworksBuildPhase;
			buildActionMask = 2147483647;
			files = (
			);
			runOnlyForDeploymentPostprocessing = 0;
		};
/* End PBXFrameworksBuildPhase section */

/* Begin PBXGroup section */
		FB41C80F1CCC6CAE002F9B8C = {
			isa = PBXGroup;
			children = (
				FB41C81A1CCC6CAE002F9B8C /* Football College Trivia Loader */,
				FB41C8191CCC6CAE002F9B8C /* Products */,
			);
			sourceTree = "<group>";
		};
		FB41C8191CCC6CAE002F9B8C /* Products */ = {
			isa = PBXGroup;
			children = (
				FB41C8181CCC6CAE002F9B8C /* Football College Trivia Loader.app */,
			);
			name = Products;
			sourceTree = "<group>";
		};
		FB41C81A1CCC6CAE002F9B8C /* Football College Trivia Loader */ = {
			isa = PBXGroup;
			children = (
				FB41C81B1CCC6CAE002F9B8C /* AppDelegate.swift */,
				FB41C81D1CCC6CAE002F9B8C /* ViewController.swift */,
				FB41C81F1CCC6CAE002F9B8C /* Assets.xcassets */,
				FB41C8211CCC6CAE002F9B8C /* Main.storyboard */,
				FB41C8241CCC6CAE002F9B8C /* Info.plist */,
			);
			path = "Football College Trivia Loader";
			sourceTree = "<group>";
		};
/* End PBXGroup section */

/* Begin PBXNativeTarget section */
		FB41C8171CCC6CAE002F9B8C /* Football College Trivia Loader */ = {
			isa = PBXNativeTarget;
			buildConfigurationList = FB41C8271CCC6CAE002F9B8C /* Build configuration list for PBXNativeTarget "Football College Trivia Loader" */;
			buildPhases = (
				FB41C8141CCC6CAE002F9B8C /* Sources */,
				FB41C8151CCC6CAE002F9B8C /* Frameworks */,
				FB41C8161CCC6CAE002F9B8C /* Resources */,
			);
			buildRules = (
			);
			dependencies = (
			);
			name = "Football College Trivia Loader";
			productName = "Football College Trivia Loader";
			productReference = FB41C8181CCC6CAE002F9B8C /* Football College Trivia Loader.app */;
			productType = "com.apple.product-type.application";
		};
/* End PBXNativeTarget section */

/* Begin PBXProject section */
		FB41C8101CCC6CAE002F9B8C /* Project object */ = {
			isa = PBXProject;
			attributes = {
				LastSwiftUpdateCheck = 0730;
				LastUpgradeCheck = 0730;
				ORGANIZATIONNAME = "Brandon Jenniges";
				TargetAttributes = {
					FB41C8171CCC6CAE002F9B8C = {
						CreatedOnToolsVersion = 7.3;
					};
				};
			};
			buildConfigurationList = FB41C8131CCC6CAE002F9B8C /* Build configuration list for PBXProject "Football College Trivia Loader" */;
			compatibilityVersion = "Xcode 3.2";
			developmentRegion = English;
			hasScannedForEncodings = 0;
			knownRegions = (
				en,
				Base,
			);
			mainGroup = FB41C80F1CCC6CAE002F9B8C;
			productRefGroup = FB41C8191CCC6CAE002F9B8C /* Products */;
			projectDirPath = "";
			projectRoot = "";
			targets = (
				FB41C8171CCC6CAE002F9B8C /* Football College Trivia Loader */,
			);
		};
/* End PBXProject section */

/* Begin PBXResourcesBuildPhase section */
		FB41C8161CCC6CAE002F9B8C /* Resources */ = {
			isa = PBXResourcesBuildPhase;
			buildActionMask = 2147483647;
			files = (
				FB41C8201CCC6CAE002F9B8C /* Assets.xcassets in Resources */,
				FB41C8231CCC6CAE002F9B8C /* Main.storyboard in Resources */,
			);
			runOnlyForDeploymentPostprocessing = 0;
		};
/* End PBXResourcesBuildPhase section */

/* Begin PBXSourcesBuildPhase section */
		FB41C8141CCC6CAE002F9B8C /* Sources */ = {
			isa = PBXSourcesBuildPhase;
			buildActionMask = 2147483647;
			files = (
				FB41C81E1CCC6CAE002F9B8C /* ViewController.swift in Sources */,
				FB41C81C1CCC6CAE002F9B8C /* AppDelegate.swift in Sources */,
			);
			runOnlyForDeploymentPostprocessing = 0;
		};
/* End PBXSourcesBuildPhase section */

/* Begin PBXVariantGroup section */
		FB41C8211CCC6CAE002F9B8C /* Main.storyboard */ = {
			isa = PBXVariantGroup;
			children = (
				FB41C8221CCC6CAE002F9B8C /* Base */,
			);
			name = Main.storyboard;
			sourceTree = "<group>";
		};
/* End PBXVariantGroup section */

/* Begin XCBuildConfiguration section */
		FB41C8251CCC6CAE002F9B8C /* Debug */ = {
			isa = XCBuildConfiguration;
			buildSettings = {
				ALWAYS_SEARCH_USER_PATHS = NO;
				CLANG_ANALYZER_NONNULL = YES;
				CLANG_CXX_LANGUAGE_STANDARD = "gnu++0x";
				CLANG_CXX_LIBRARY = "libc++";
				CLANG_ENABLE_MODULES = YES;
				CLANG_ENABLE_OBJC_ARC = YES;
				CLANG_WARN_BOOL_CONVERSION = YES;
				CLANG_WARN_CONSTANT_CONVERSION = YES;
				CLANG_WARN_DIRECT_OBJC_ISA_USAGE = YES_ERROR;
				CLANG_WARN_EMPTY_BODY = YES;
				CLANG_WARN_ENUM_CONVERSION = YES;
				CLANG_WARN_INT_CONVERSION = YES;
				CLANG_WARN_OBJC_ROOT_CLASS = YES_ERROR;
				CLANG_WARN_UNREACHABLE_CODE = YES;
				CLANG_WARN__DUPLICATE_METHOD_MATCH = YES;
				CODE_SIGN_IDENTITY = "-";
				COPY_PHASE_STRIP = NO;
				DEBUG_INFORMATION_FORMAT = dwarf;
				ENABLE_STRICT_OBJC_MSGSEND = YES;
				ENABLE_TESTABILITY = YES;
				GCC_C_LANGUAGE_STANDARD = gnu99;
				GCC_DYNAMIC_NO_PIC = NO;
				GCC_NO_COMMON_BLOCKS = YES;
				GCC_OPTIMIZATION_LEVEL = 0;
				GCC_PREPROCESSOR_DEFINITIONS = (
					"DEBUG=1",
					"$(inherited)",
				);
				GCC_WARN_64_TO_32_BIT_CONVERSION = YES;
				GCC_WARN_ABOUT_RETURN_TYPE = YES_ERROR;
				GCC_WARN_UNDECLARED_SELECTOR = YES;
				GCC_WARN_UNINITIALIZED_AUTOS = YES_AGGRESSIVE;
				GCC_WARN_UNUSED_FUNCTION = YES;
				GCC_WARN_UNUSED_VARIABLE = YES;
				MACOSX_DEPLOYMENT_TARGET = 10.11;
				MTL_ENABLE_DEBUG_INFO = YES;
				ONLY_ACTIVE_ARCH = YES;
				SDKROOT = macosx;
				SWIFT_OPTIMIZATION_LEVEL = "-Onone";
			};
			name = Debug;
		};
		FB41C8261CCC6CAE002F9B8C /* Release */ = {
			isa = XCBuildConfiguration;
			buildSettings = {
				ALWAYS_SEARCH_USER_PATHS = NO;
				CLANG_ANALYZER_NONNULL = YES;
				CLANG_CXX_LANGUAGE_STANDARD = "gnu++0x";
				CLANG_CXX_LIBRARY = "libc++";
				CLANG_ENABLE_MODULES = YES;
				CLANG_ENABLE_OBJC_ARC = YES;
				CLANG_WARN_BOOL_CONVERSION = YES;
				CLANG_WARN_CONSTANT_CONVERSION = YES;
				CLANG_WARN_DIRECT_OBJC_ISA_USAGE = YES_ERROR;
				CLANG_WARN_EMPTY_BODY = YES;
				CLANG_WARN_ENUM_CONVERSION = YES;
				CLANG_WARN_INT_CONVERSION = YES;
				CLANG_WARN_OBJC_ROOT_CLASS = YES_ERROR;
				CLANG_WARN_UNREACHABLE_CODE = YES;
				CLANG_WARN__DUPLICATE_METHOD_MATCH = YES;
				CODE_SIGN_IDENTITY = "-";
				COPY_PHASE_STRIP = NO;
				DEBUG_INFORMATION_FORMAT = "dwarf-with-dsym";
				ENABLE_NS_ASSERTIONS = NO;
				ENABLE_STRICT_OBJC_MSGSEND = YES;
				GCC_C_LANGUAGE_STANDARD = gnu99;
				GCC_NO_COMMON_BLOCKS = YES;
				GCC_WARN_64_TO_32_BIT_CONVERSION = YES;
				GCC_WARN_ABOUT_RETURN_TYPE = YES_ERROR;
				GCC_WARN_UNDECLARED_SELECTOR = YES;
				GCC_WARN_UNINITIALIZED_AUTOS = YES_AGGRESSIVE;
				GCC_WARN_UNUSED_FUNCTION = YES;
				GCC_WARN_UNUSED_VARIABLE = YES;
				MACOSX_DEPLOYMENT_TARGET = 10.11;
				MTL_ENABLE_DEBUG_INFO = NO;
				SDKROOT = macosx;
			};
			name = Release;
		};
		FB41C8281CCC6CAE002F9B8C /* Debug */ = {
			isa = XCBuildConfiguration;
			buildSettings = {
				ASSETCATALOG_COMPILER_APPICON_NAME = AppIcon;
				COMBINE_HIDPI_IMAGES = YES;
				INFOPLIST_FILE = "Football College Trivia Loader/Info.plist";
				LD_RUNPATH_SEARCH_PATHS = "$(inherited) @executable_path/../Frameworks";
				PRODUCT_BUNDLE_IDENTIFIER = "com.brandonjenniges.Football-College-Trivia-Loader";
				PRODUCT_NAME = "$(TARGET_NAME)";
			};
			name = Debug;
		};
		FB41C8291CCC6CAE002F9B8C /* Release */ = {
			isa = XCBuildConfiguration;
			buildSettings = {
				ASSETCATALOG_COMPILER_APPICON_NAME = AppIcon;
				COMBINE_HIDPI_IMAGES = YES;
				INFOPLIST_FILE = "Football College Trivia Loader/Info.plist";
				LD_RUNPATH_SEARCH_PATHS = "$(inherited) @executable_path/../Frameworks";
				PRODUCT_BUNDLE_IDENTIFIER = "com.brandonjenniges.Football-College-Trivia-Loader";
				PRODUCT_NAME = "$(TARGET_NAME)";
			};
			name = Release;
		};
/* End XCBuildConfiguration section */

/* Begin XCConfigurationList section */
		FB41C8131CCC6CAE002F9B8C /* Build configuration list for PBXProject "Football College Trivia Loader" */ = {
			isa = XCConfigurationList;
			buildConfigurations = (
				FB41C8251CCC6CAE002F9B8C /* Debug */,
				FB41C8261CCC6CAE002F9B8C /* Release */,
			);
			defaultConfigurationIsVisible = 0;
			defaultConfigurationName = Release;
		};
		FB41C8271CCC6CAE002F9B8C /* Build configuration list for PBXNativeTarget "Football College Trivia Loader" */ = {
			isa = XCConfigurationList;
			buildConfigurations = (
				FB41C8281CCC6CAE002F9B8C /* Debug */,
				FB41C8291CCC6CAE002F9B8C /* Release */,
			);
			defaultConfigurationIsVisible = 0;
			defaultConfigurationName = Release;
		};
/* End XCConfigurationList section */
	};
	rootObject = FB41C8101CCC6CAE002F9B8C /* Project object */;
}
